{
  "name": "hello-cli",
  "lockfileVersion": 2,
  "requires": true,
  "packages": {
    "": {
      "dependencies": {
        "@mattieb/hello": "file:../hello"
      }
    },
    "../hello": {},
    "node_modules/@mattieb/hello": {
      "resolved": "../hello",
      "link": true
    }
  },
  "dependencies": {
    "@mattieb/hello": {
      "version": "file:../hello"
    }
  }
}
